
Microsoft Visual Studio Solution File, Format Version 12.00
# Visual Studio Version 17
VisualStudioVersion = 17.3.32825.248
MinimumVisualStudioVersion = 10.0.40219.1
Project("{FAE04EC0-301F-11D3-BF4B-00C04F79EFBC}") = "assignment4_AlekseiPant", "assignment4_AlekseiPant\assignment4_AlekseiPant.csproj", "{EF6C43A4-4951-43EE-BFE3-4D8E6440A6A0}"
EndProject
Global
	GlobalSection(SolutionConfigurationPlatforms) = preSolution
		Debug|Any CPU = Debug|Any CPU
		Release|Any CPU = Release|Any CPU
	EndGlobalSection
	GlobalSection(ProjectConfigurationPlatforms) = postSolution
		{EF6C43A4-4951-43EE-BFE3-4D8E6440A6A0}.Debug|Any CPU.ActiveCfg = Debug|Any CPU
		{EF6C43A4-4951-43EE-BFE3-4D8E6440A6A0}.Debug|Any CPU.Build.0 = Debug|Any CPU
		{EF6C43A4-4951-43EE-BFE3-4D8E6440A6A0}.Release|Any CPU.ActiveCfg = Release|Any CPU
		{EF6C43A4-4951-43EE-BFE3-4D8E6440A6A0}.Release|Any CPU.Build.0 = Release|Any CPU
	EndGlobalSection
	GlobalSection(SolutionProperties) = preSolution
		HideSolutionNode = FALSE
	EndGlobalSection
	GlobalSection(ExtensibilityGlobals) = postSolution
		SolutionGuid = {90357E36-21EC-46FB-B719-5FBA9C4F4F73}
	EndGlobalSection
EndGlobal
